{
  "requires": true,
  "lockfileVersion": 1,
  "dependencies": {
    "vue-color-kit": {
      "version": "1.0.5",
      "resolved": "https://registry.npmjs.org/vue-color-kit/-/vue-color-kit-1.0.5.tgz",
      "integrity": "sha512-PUQzqdpI7672YYuoHdTLENHldieVMis0u9g2n7NAxiLGdiaqCD/QaYtbDOvtASpN5oSIfKxQgPV+i45MOlkKnw=="
    }
  }
}
